
Microsoft Visual Studio Solution File, Format Version 12.00
# Visual Studio Version 17
VisualStudioVersion = 17.12.35527.113
MinimumVisualStudioVersion = 10.0.40219.1
Project("{FAE04EC0-301F-11D3-BF4B-00C04F79EFBC}") = "SSECounterApi", "SSECounterApi\SSECounterApi.csproj", "{D1B92942-D68F-4C3F-B5FA-8174855CF785}"
EndProject
Project("{FAE04EC0-301F-11D3-BF4B-00C04F79EFBC}") = "SSEClient", "SSEClient\SSEClient.csproj", "{274DAC4E-A0F0-4D7B-8E9A-BB9EAC57C5E4}"
EndProject
Project("{FAE04EC0-301F-11D3-BF4B-00C04F79EFBC}") = "WebSocketApi", "WebSocketApi\WebSocketApi.csproj", "{A9706C60-E21D-4418-BA29-244C6E40E4D8}"
EndProject
Project("{FAE04EC0-301F-11D3-BF4B-00C04F79EFBC}") = "WebSocketClient", "WebSocketClient\WebSocketClient.csproj", "{6BECB335-90F2-4721-892A-038FC661CC40}"
EndProject
Global
	GlobalSection(SolutionConfigurationPlatforms) = preSolution
		Debug|Any CPU = Debug|Any CPU
		Release|Any CPU = Release|Any CPU
	EndGlobalSection
	GlobalSection(ProjectConfigurationPlatforms) = postSolution
		{D1B92942-D68F-4C3F-B5FA-8174855CF785}.Debug|Any CPU.ActiveCfg = Debug|Any CPU
		{D1B92942-D68F-4C3F-B5FA-8174855CF785}.Debug|Any CPU.Build.0 = Debug|Any CPU
		{D1B92942-D68F-4C3F-B5FA-8174855CF785}.Release|Any CPU.ActiveCfg = Release|Any CPU
		{D1B92942-D68F-4C3F-B5FA-8174855CF785}.Release|Any CPU.Build.0 = Release|Any CPU
		{274DAC4E-A0F0-4D7B-8E9A-BB9EAC57C5E4}.Debug|Any CPU.ActiveCfg = Debug|Any CPU
		{274DAC4E-A0F0-4D7B-8E9A-BB9EAC57C5E4}.Debug|Any CPU.Build.0 = Debug|Any CPU
		{274DAC4E-A0F0-4D7B-8E9A-BB9EAC57C5E4}.Release|Any CPU.ActiveCfg = Release|Any CPU
		{274DAC4E-A0F0-4D7B-8E9A-BB9EAC57C5E4}.Release|Any CPU.Build.0 = Release|Any CPU
		{A9706C60-E21D-4418-BA29-244C6E40E4D8}.Debug|Any CPU.ActiveCfg = Debug|Any CPU
		{A9706C60-E21D-4418-BA29-244C6E40E4D8}.Debug|Any CPU.Build.0 = Debug|Any CPU
		{A9706C60-E21D-4418-BA29-244C6E40E4D8}.Release|Any CPU.ActiveCfg = Release|Any CPU
		{A9706C60-E21D-4418-BA29-244C6E40E4D8}.Release|Any CPU.Build.0 = Release|Any CPU
		{6BECB335-90F2-4721-892A-038FC661CC40}.Debug|Any CPU.ActiveCfg = Debug|Any CPU
		{6BECB335-90F2-4721-892A-038FC661CC40}.Debug|Any CPU.Build.0 = Debug|Any CPU
		{6BECB335-90F2-4721-892A-038FC661CC40}.Release|Any CPU.ActiveCfg = Release|Any CPU
		{6BECB335-90F2-4721-892A-038FC661CC40}.Release|Any CPU.Build.0 = Release|Any CPU
	EndGlobalSection
	GlobalSection(SolutionProperties) = preSolution
		HideSolutionNode = FALSE
	EndGlobalSection
EndGlobal
